
Microsoft Visual Studio Solution File, Format Version 12.00
# Visual Studio Version 17
VisualStudioVersion = 17.9.34622.214
MinimumVisualStudioVersion = 10.0.40219.1
Project("{9A19103F-16F7-4668-BE54-9A1E7A4F7556}") = "_netMentoringProgrammProject", "_netMentoringProgrammProject\_netMentoringProgrammProject.csproj", "{35A8F160-A558-44D9-8EC8-95B6F10FC638}"
EndProject
Global
	GlobalSection(SolutionConfigurationPlatforms) = preSolution
		Debug|Any CPU = Debug|Any CPU
		Release|Any CPU = Release|Any CPU
	EndGlobalSection
	GlobalSection(ProjectConfigurationPlatforms) = postSolution
		{35A8F160-A558-44D9-8EC8-95B6F10FC638}.Debug|Any CPU.ActiveCfg = Debug|Any CPU
		{35A8F160-A558-44D9-8EC8-95B6F10FC638}.Debug|Any CPU.Build.0 = Debug|Any CPU
		{35A8F160-A558-44D9-8EC8-95B6F10FC638}.Release|Any CPU.ActiveCfg = Release|Any CPU
		{35A8F160-A558-44D9-8EC8-95B6F10FC638}.Release|Any CPU.Build.0 = Release|Any CPU
	EndGlobalSection
	GlobalSection(SolutionProperties) = preSolution
		HideSolutionNode = FALSE
	EndGlobalSection
	GlobalSection(ExtensibilityGlobals) = postSolution
		SolutionGuid = {B58F4171-234B-4949-9398-825D1F31AC90}
	EndGlobalSection
EndGlobal
